// !$*UTF8*$!
{
	archiveVersion = 1;
	classes = {
	};
	objectVersion = 55;
	objects = {

/* Begin PBXBuildFile section */
		61BF00EA27D0101D0003471D /* Constants.swift in Sources */ = {isa = PBXBuildFile; fileRef = 61BF00E927D0101D0003471D /* Constants.swift */; };
		61BF00EF27D010A60003471D /* GithubService.swift in Sources */ = {isa = PBXBuildFile; fileRef = 61BF00EE27D010A60003471D /* GithubService.swift */; };
		61BF00F227D011090003471D /* UIKitExtensions.swift in Sources */ = {isa = PBXBuildFile; fileRef = 61BF00F127D011090003471D /* UIKitExtensions.swift */; };
		61BF00F427D011750003471D /* ImageLoader.swift in Sources */ = {isa = PBXBuildFile; fileRef = 61BF00F327D011750003471D /* ImageLoader.swift */; };
		61BF00F627D011A20003471D /* SwiftyBeaverExtensions.swift in Sources */ = {isa = PBXBuildFile; fileRef = 61BF00F527D011A20003471D /* SwiftyBeaverExtensions.swift */; };
		61BF00F927D011F20003471D /* SearchResult.swift in Sources */ = {isa = PBXBuildFile; fileRef = 61BF00F827D011F20003471D /* SearchResult.swift */; };
		61BF00FB27D012370003471D /* OrganizationInfo.swift in Sources */ = {isa = PBXBuildFile; fileRef = 61BF00FA27D012370003471D /* OrganizationInfo.swift */; };
		61BF010027D012B00003471D /* UserSearchViewController.swift in Sources */ = {isa = PBXBuildFile; fileRef = 61BF00FF27D012B00003471D /* UserSearchViewController.swift */; };
		61BF010227D012FB0003471D /* UserSearchReactor.swift in Sources */ = {isa = PBXBuildFile; fileRef = 61BF010127D012FB0003471D /* UserSearchReactor.swift */; };
		61BF010427D0132A0003471D /* UserCellReactor.swift in Sources */ = {isa = PBXBuildFile; fileRef = 61BF010327D0132A0003471D /* UserCellReactor.swift */; };
		61BF010627D013D70003471D /* UserTableViewCell.swift in Sources */ = {isa = PBXBuildFile; fileRef = 61BF010527D013D70003471D /* UserTableViewCell.swift */; };
		61BF010827D014380003471D /* OrganizationCell.swift in Sources */ = {isa = PBXBuildFile; fileRef = 61BF010727D014380003471D /* OrganizationCell.swift */; };
		61C6DE4C27CEB88400B06BC3 /* AppDelegate.swift in Sources */ = {isa = PBXBuildFile; fileRef = 61C6DE4B27CEB88400B06BC3 /* AppDelegate.swift */; };
		61C6DE5527CEB88500B06BC3 /* Assets.xcassets in Resources */ = {isa = PBXBuildFile; fileRef = 61C6DE5427CEB88500B06BC3 /* Assets.xcassets */; };
		61C6DE5827CEB88500B06BC3 /* LaunchScreen.storyboard in Resources */ = {isa = PBXBuildFile; fileRef = 61C6DE5627CEB88500B06BC3 /* LaunchScreen.storyboard */; };
		61CCBA8327D1265F003CB589 /* UserdisplayViewController.swift in Sources */ = {isa = PBXBuildFile; fileRef = 61CCBA8227D1265F003CB589 /* UserdisplayViewController.swift */; };
		9742C3B1B858EEFEE8A752E2 /* Pods_Test_iOS.framework in Frameworks */ = {isa = PBXBuildFile; fileRef = D00C98B7BA020DE9629C1A8F /* Pods_Test_iOS.framework */; };
/* End PBXBuildFile section */

/* Begin PBXFileReference section */
		03BB56EF90A1CC1F51080293 /* Pods-Test_iOS.release.xcconfig */ = {isa = PBXFileReference; includeInIndex = 1; lastKnownFileType = text.xcconfig; name = "Pods-Test_iOS.release.xcconfig"; path = "Target Support Files/Pods-Test_iOS/Pods-Test_iOS.release.xcconfig"; sourceTree = "<group>"; };
		61BF00E927D0101D0003471D /* Constants.swift */ = {isa = PBXFileReference; lastKnownFileType = sourcecode.swift; path = Constants.swift; sourceTree = "<group>"; };
		61BF00EE27D010A60003471D /* GithubService.swift */ = {isa = PBXFileReference; lastKnownFileType = sourcecode.swift; path = GithubService.swift; sourceTree = "<group>"; };
		61BF00F127D011090003471D /* UIKitExtensions.swift */ = {isa = PBXFileReference; lastKnownFileType = sourcecode.swift; path = UIKitExtensions.swift; sourceTree = "<group>"; };
		61BF00F327D011750003471D /* ImageLoader.swift */ = {isa = PBXFileReference; lastKnownFileType = sourcecode.swift; path = ImageLoader.swift; sourceTree = "<group>"; };
		61BF00F527D011A20003471D /* SwiftyBeaverExtensions.swift */ = {isa = PBXFileReference; lastKnownFileType = sourcecode.swift; path = SwiftyBeaverExtensions.swift; sourceTree = "<group>"; };
		61BF00F827D011F20003471D /* SearchResult.swift */ = {isa = PBXFileReference; lastKnownFileType = sourcecode.swift; path = SearchResult.swift; sourceTree = "<group>"; };
		61BF00FA27D012370003471D /* OrganizationInfo.swift */ = {isa = PBXFileReference; lastKnownFileType = sourcecode.swift; path = OrganizationInfo.swift; sourceTree = "<group>"; };
		61BF00FF27D012B00003471D /* UserSearchViewController.swift */ = {isa = PBXFileReference; lastKnownFileType = sourcecode.swift; path = UserSearchViewController.swift; sourceTree = "<group>"; };
		61BF010127D012FB0003471D /* UserSearchReactor.swift */ = {isa = PBXFileReference; lastKnownFileType = sourcecode.swift; path = UserSearchReactor.swift; sourceTree = "<group>"; };
		61BF010327D0132A0003471D /* UserCellReactor.swift */ = {isa = PBXFileReference; lastKnownFileType = sourcecode.swift; path = UserCellReactor.swift; sourceTree = "<group>"; };
		61BF010527D013D70003471D /* UserTableViewCell.swift */ = {isa = PBXFileReference; lastKnownFileType = sourcecode.swift; path = UserTableViewCell.swift; sourceTree = "<group>"; };
		61BF010727D014380003471D /* OrganizationCell.swift */ = {isa = PBXFileReference; lastKnownFileType = sourcecode.swift; path = OrganizationCell.swift; sourceTree = "<group>"; };
		61C6DE4827CEB88400B06BC3 /* Test_iOS.app */ = {isa = PBXFileReference; explicitFileType = wrapper.application; includeInIndex = 0; path = Test_iOS.app; sourceTree = BUILT_PRODUCTS_DIR; };
		61C6DE4B27CEB88400B06BC3 /* AppDelegate.swift */ = {isa = PBXFileReference; lastKnownFileType = sourcecode.swift; path = AppDelegate.swift; sourceTree = "<group>"; };
		61C6DE5427CEB88500B06BC3 /* Assets.xcassets */ = {isa = PBXFileReference; lastKnownFileType = folder.assetcatalog; path = Assets.xcassets; sourceTree = "<group>"; };
		61C6DE5727CEB88500B06BC3 /* Base */ = {isa = PBXFileReference; lastKnownFileType = file.storyboard; name = Base; path = Base.lproj/LaunchScreen.storyboard; sourceTree = "<group>"; };
		61C6DE5927CEB88500B06BC3 /* Info.plist */ = {isa = PBXFileReference; lastKnownFileType = text.plist.xml; path = Info.plist; sourceTree = "<group>"; };
		61CCBA8227D1265F003CB589 /* UserdisplayViewController.swift */ = {isa = PBXFileReference; lastKnownFileType = sourcecode.swift; path = UserdisplayViewController.swift; sourceTree = "<group>"; };
		9DA943506B2455DE7C07C0B1 /* Pods-Test_iOS.debug.xcconfig */ = {isa = PBXFileReference; includeInIndex = 1; lastKnownFileType = text.xcconfig; name = "Pods-Test_iOS.debug.xcconfig"; path = "Target Support Files/Pods-Test_iOS/Pods-Test_iOS.debug.xcconfig"; sourceTree = "<group>"; };
		D00C98B7BA020DE9629C1A8F /* Pods_Test_iOS.framework */ = {isa = PBXFileReference; explicitFileType = wrapper.framework; includeInIndex = 0; path = Pods_Test_iOS.framework; sourceTree = BUILT_PRODUCTS_DIR; };
/* End PBXFileReference section */

/* Begin PBXFrameworksBuildPhase section */
		61C6DE4527CEB88400B06BC3 /* Frameworks */ = {
			isa = PBXFrameworksBuildPhase;
			buildActionMask = 2147483647;
			files = (
				9742C3B1B858EEFEE8A752E2 /* Pods_Test_iOS.framework in Frameworks */,
			);
			runOnlyForDeploymentPostprocessing = 0;
		};
/* End PBXFrameworksBuildPhase section */

/* Begin PBXGroup section */
		51D9AB798C0D14506AD2E0CA /* Pods */ = {
			isa = PBXGroup;
			children = (
				9DA943506B2455DE7C07C0B1 /* Pods-Test_iOS.debug.xcconfig */,
				03BB56EF90A1CC1F51080293 /* Pods-Test_iOS.release.xcconfig */,
			);
			path = Pods;
			sourceTree = "<group>";
		};
		61BF00EC27D010540003471D /* Shared */ = {
			isa = PBXGroup;
			children = (
				61C6DE4B27CEB88400B06BC3 /* AppDelegate.swift */,
				61BF00E927D0101D0003471D /* Constants.swift */,
			);
			path = Shared;
			sourceTree = "<group>";
		};
		61BF00ED27D010850003471D /* Services */ = {
			isa = PBXGroup;
			children = (
				61BF00EE27D010A60003471D /* GithubService.swift */,
			);
			path = Services;
			sourceTree = "<group>";
		};
		61BF00F027D010D10003471D /* Helpers */ = {
			isa = PBXGroup;
			children = (
				61BF00F127D011090003471D /* UIKitExtensions.swift */,
				61BF00F327D011750003471D /* ImageLoader.swift */,
				61BF00F527D011A20003471D /* SwiftyBeaverExtensions.swift */,
			);
			path = Helpers;
			sourceTree = "<group>";
		};
		61BF00F727D011D00003471D /* Models */ = {
			isa = PBXGroup;
			children = (
				61BF00F827D011F20003471D /* SearchResult.swift */,
				61BF00FA27D012370003471D /* OrganizationInfo.swift */,
			);
			path = Models;
			sourceTree = "<group>";
		};
		61BF00FC27D012610003471D /* ViewController */ = {
			isa = PBXGroup;
			children = (
				61BF00FF27D012B00003471D /* UserSearchViewController.swift */,
				61CCBA8227D1265F003CB589 /* UserdisplayViewController.swift */,
			);
			path = ViewController;
			sourceTree = "<group>";
		};
		61BF00FD27D0127B0003471D /* Reactors */ = {
			isa = PBXGroup;
			children = (
				61BF010127D012FB0003471D /* UserSearchReactor.swift */,
				61BF010327D0132A0003471D /* UserCellReactor.swift */,
			);
			path = Reactors;
			sourceTree = "<group>";
		};
		61BF00FE27D012880003471D /* Views */ = {
			isa = PBXGroup;
			children = (
				61BF010527D013D70003471D /* UserTableViewCell.swift */,
				61BF010727D014380003471D /* OrganizationCell.swift */,
			);
			path = Views;
			sourceTree = "<group>";
		};
		61C6DE3F27CEB88400B06BC3 = {
			isa = PBXGroup;
			children = (
				61C6DE4A27CEB88400B06BC3 /* Test_iOS */,
				61C6DE4927CEB88400B06BC3 /* Products */,
				51D9AB798C0D14506AD2E0CA /* Pods */,
				704C96E33B2CC367CC8C1002 /* Frameworks */,
			);
			sourceTree = "<group>";
		};
		61C6DE4927CEB88400B06BC3 /* Products */ = {
			isa = PBXGroup;
			children = (
				61C6DE4827CEB88400B06BC3 /* Test_iOS.app */,
			);
			name = Products;
			sourceTree = "<group>";
		};
		61C6DE4A27CEB88400B06BC3 /* Test_iOS */ = {
			isa = PBXGroup;
			children = (
				61BF00EC27D010540003471D /* Shared */,
				61BF00ED27D010850003471D /* Services */,
				61BF00F027D010D10003471D /* Helpers */,
				61BF00F727D011D00003471D /* Models */,
				61BF00FC27D012610003471D /* ViewController */,
				61BF00FD27D0127B0003471D /* Reactors */,
				61BF00FE27D012880003471D /* Views */,
				61C6DE5427CEB88500B06BC3 /* Assets.xcassets */,
				61C6DE5627CEB88500B06BC3 /* LaunchScreen.storyboard */,
				61C6DE5927CEB88500B06BC3 /* Info.plist */,
			);
			path = Test_iOS;
			sourceTree = "<group>";
		};
		704C96E33B2CC367CC8C1002 /* Frameworks */ = {
			isa = PBXGroup;
			children = (
				D00C98B7BA020DE9629C1A8F /* Pods_Test_iOS.framework */,
			);
			name = Frameworks;
			sourceTree = "<group>";
		};
/* End PBXGroup section */

/* Begin PBXNativeTarget section */
		61C6DE4727CEB88400B06BC3 /* Test_iOS */ = {
			isa = PBXNativeTarget;
			buildConfigurationList = 61C6DE5C27CEB88500B06BC3 /* Build configuration list for PBXNativeTarget "Test_iOS" */;
			buildPhases = (
				0982E148C569B9ABE3466E17 /* [CP] Check Pods Manifest.lock */,
				61C6DE4427CEB88400B06BC3 /* Sources */,
				61C6DE4527CEB88400B06BC3 /* Frameworks */,
				61C6DE4627CEB88400B06BC3 /* Resources */,
				7219FAE756F84BBBF59CBE81 /* [CP] Embed Pods Frameworks */,
			);
			buildRules = (
			);
			dependencies = (
			);
			name = Test_iOS;
			productName = Test_iOS;
			productReference = 61C6DE4827CEB88400B06BC3 /* Test_iOS.app */;
			productType = "com.apple.product-type.application";
		};
/* End PBXNativeTarget section */

/* Begin PBXProject section */
		61C6DE4027CEB88400B06BC3 /* Project object */ = {
			isa = PBXProject;
			attributes = {
				BuildIndependentTargetsInParallel = NO;
				LastSwiftUpdateCheck = 1320;
				LastUpgradeCheck = 1320;
				TargetAttributes = {
					61C6DE4727CEB88400B06BC3 = {
						CreatedOnToolsVersion = 13.2.1;
					};
				};
			};
			buildConfigurationList = 61C6DE4327CEB88400B06BC3 /* Build configuration list for PBXProject "Test_iOS" */;
			compatibilityVersion = "Xcode 13.0";
			developmentRegion = en;
			hasScannedForEncodings = 0;
			knownRegions = (
				en,
				Base,
			);
			mainGroup = 61C6DE3F27CEB88400B06BC3;
			productRefGroup = 61C6DE4927CEB88400B06BC3 /* Products */;
			projectDirPath = "";
			projectRoot = "";
			targets = (
				61C6DE4727CEB88400B06BC3 /* Test_iOS */,
			);
		};
/* End PBXProject section */

/* Begin PBXResourcesBuildPhase section */
		61C6DE4627CEB88400B06BC3 /* Resources */ = {
			isa = PBXResourcesBuildPhase;
			buildActionMask = 2147483647;
			files = (
				61C6DE5827CEB88500B06BC3 /* LaunchScreen.storyboard in Resources */,
				61C6DE5527CEB88500B06BC3 /* Assets.xcassets in Resources */,
			);
			runOnlyForDeploymentPostprocessing = 0;
		};
/* End PBXResourcesBuildPhase section */

/* Begin PBXShellScriptBuildPhase section */
		0982E148C569B9ABE3466E17 /* [CP] Check Pods Manifest.lock */ = {
			isa = PBXShellScriptBuildPhase;
			buildActionMask = 2147483647;
			files = (
			);
			inputFileListPaths = (
			);
			inputPaths = (
				"${PODS_PODFILE_DIR_PATH}/Podfile.lock",
				"${PODS_ROOT}/Manifest.lock",
			);
			name = "[CP] Check Pods Manifest.lock";
			outputFileListPaths = (
			);
			outputPaths = (
				"$(DERIVED_FILE_DIR)/Pods-Test_iOS-checkManifestLockResult.txt",
			);
			runOnlyForDeploymentPostprocessing = 0;
			shellPath = /bin/sh;
			shellScript = "diff \"${PODS_PODFILE_DIR_PATH}/Podfile.lock\" \"${PODS_ROOT}/Manifest.lock\" > /dev/null\nif [ $? != 0 ] ; then\n    # print error to STDERR\n    echo \"error: The sandbox is not in sync with the Podfile.lock. Run 'pod install' or update your CocoaPods installation.\" >&2\n    exit 1\nfi\n# This output is used by Xcode 'outputs' to avoid re-running this script phase.\necho \"SUCCESS\" > \"${SCRIPT_OUTPUT_FILE_0}\"\n";
			showEnvVarsInLog = 0;
		};
		7219FAE756F84BBBF59CBE81 /* [CP] Embed Pods Frameworks */ = {
			isa = PBXShellScriptBuildPhase;
			buildActionMask = 2147483647;
			files = (
			);
			inputFileListPaths = (
				"${PODS_ROOT}/Target Support Files/Pods-Test_iOS/Pods-Test_iOS-frameworks-${CONFIGURATION}-input-files.xcfilelist",
			);
			name = "[CP] Embed Pods Frameworks";
			outputFileListPaths = (
				"${PODS_ROOT}/Target Support Files/Pods-Test_iOS/Pods-Test_iOS-frameworks-${CONFIGURATION}-output-files.xcfilelist",
			);
			runOnlyForDeploymentPostprocessing = 0;
			shellPath = /bin/sh;
			shellScript = "\"${PODS_ROOT}/Target Support Files/Pods-Test_iOS/Pods-Test_iOS-frameworks.sh\"\n";
			showEnvVarsInLog = 0;
		};
/* End PBXShellScriptBuildPhase section */

/* Begin PBXSourcesBuildPhase section */
		61C6DE4427CEB88400B06BC3 /* Sources */ = {
			isa = PBXSourcesBuildPhase;
			buildActionMask = 2147483647;
			files = (
				61C6DE4C27CEB88400B06BC3 /* AppDelegate.swift in Sources */,
				61BF00F627D011A20003471D /* SwiftyBeaverExtensions.swift in Sources */,
				61BF00F927D011F20003471D /* SearchResult.swift in Sources */,
				61BF00FB27D012370003471D /* OrganizationInfo.swift in Sources */,
				61BF010627D013D70003471D /* UserTableViewCell.swift in Sources */,
				61BF010227D012FB0003471D /* UserSearchReactor.swift in Sources */,
				61BF010827D014380003471D /* OrganizationCell.swift in Sources */,
				61BF00F427D011750003471D /* ImageLoader.swift in Sources */,
				61CCBA8327D1265F003CB589 /* UserdisplayViewController.swift in Sources */,
				61BF00EF27D010A60003471D /* GithubService.swift in Sources */,
				61BF00EA27D0101D0003471D /* Constants.swift in Sources */,
				61BF00F227D011090003471D /* UIKitExtensions.swift in Sources */,
				61BF010027D012B00003471D /* UserSearchViewController.swift in Sources */,
				61BF010427D0132A0003471D /* UserCellReactor.swift in Sources */,
			);
			runOnlyForDeploymentPostprocessing = 0;
		};
/* End PBXSourcesBuildPhase section */

/* Begin PBXVariantGroup section */
		61C6DE5627CEB88500B06BC3 /* LaunchScreen.storyboard */ = {
			isa = PBXVariantGroup;
			children = (
				61C6DE5727CEB88500B06BC3 /* Base */,
			);
			name = LaunchScreen.storyboard;
			sourceTree = "<group>";
		};
/* End PBXVariantGroup section */

/* Begin XCBuildConfiguration section */
		61C6DE5A27CEB88500B06BC3 /* Debug */ = {
			isa = XCBuildConfiguration;
			buildSettings = {
				ALWAYS_SEARCH_USER_PATHS = NO;
				CLANG_ANALYZER_NONNULL = YES;
				CLANG_ANALYZER_NUMBER_OBJECT_CONVERSION = YES_AGGRESSIVE;
				CLANG_CXX_LANGUAGE_STANDARD = "gnu++17";
				CLANG_CXX_LIBRARY = "libc++";
				CLANG_ENABLE_MODULES = YES;
				CLANG_ENABLE_OBJC_ARC = YES;
				CLANG_ENABLE_OBJC_WEAK = YES;
				CLANG_WARN_BLOCK_CAPTURE_AUTORELEASING = YES;
				CLANG_WARN_BOOL_CONVERSION = YES;
				CLANG_WARN_COMMA = YES;
				CLANG_WARN_CONSTANT_CONVERSION = YES;
				CLANG_WARN_DEPRECATED_OBJC_IMPLEMENTATIONS = YES;
				CLANG_WARN_DIRECT_OBJC_ISA_USAGE = YES_ERROR;
				CLANG_WARN_DOCUMENTATION_COMMENTS = YES;
				CLANG_WARN_EMPTY_BODY = YES;
				CLANG_WARN_ENUM_CONVERSION = YES;
				CLANG_WARN_INFINITE_RECURSION = YES;
				CLANG_WARN_INT_CONVERSION = YES;
				CLANG_WARN_NON_LITERAL_NULL_CONVERSION = YES;
				CLANG_WARN_OBJC_IMPLICIT_RETAIN_SELF = YES;
				CLANG_WARN_OBJC_LITERAL_CONVERSION = YES;
				CLANG_WARN_OBJC_ROOT_CLASS = YES_ERROR;
				CLANG_WARN_QUOTED_INCLUDE_IN_FRAMEWORK_HEADER = YES;
				CLANG_WARN_RANGE_LOOP_ANALYSIS = YES;
				CLANG_WARN_STRICT_PROTOTYPES = YES;
				CLANG_WARN_SUSPICIOUS_MOVE = YES;
				CLANG_WARN_UNGUARDED_AVAILABILITY = YES_AGGRESSIVE;
				CLANG_WARN_UNREACHABLE_CODE = YES;
				CLANG_WARN__DUPLICATE_METHOD_MATCH = YES;
				COPY_PHASE_STRIP = NO;
				DEBUG_INFORMATION_FORMAT = dwarf;
				ENABLE_STRICT_OBJC_MSGSEND = YES;
				ENABLE_TESTABILITY = YES;
				GCC_C_LANGUAGE_STANDARD = gnu11;
				GCC_DYNAMIC_NO_PIC = NO;
				GCC_NO_COMMON_BLOCKS = YES;
				GCC_OPTIMIZATION_LEVEL = 0;
				GCC_PREPROCESSOR_DEFINITIONS = (
					"DEBUG=1",
					"$(inherited)",
				);
				GCC_WARN_64_TO_32_BIT_CONVERSION = YES;
				GCC_WARN_ABOUT_RETURN_TYPE = YES_ERROR;
				GCC_WARN_UNDECLARED_SELECTOR = YES;
				GCC_WARN_UNINITIALIZED_AUTOS = YES_AGGRESSIVE;
				GCC_WARN_UNUSED_FUNCTION = YES;
				GCC_WARN_UNUSED_VARIABLE = YES;
				IPHONEOS_DEPLOYMENT_TARGET = 12.2;
				MTL_ENABLE_DEBUG_INFO = INCLUDE_SOURCE;
				MTL_FAST_MATH = YES;
				ONLY_ACTIVE_ARCH = YES;
				SDKROOT = iphoneos;
				SWIFT_ACTIVE_COMPILATION_CONDITIONS = DEBUG;
				SWIFT_OPTIMIZATION_LEVEL = "-Onone";
			};
			name = Debug;
		};
		61C6DE5B27CEB88500B06BC3 /* Release */ = {
			isa = XCBuildConfiguration;
			buildSettings = {
				ALWAYS_SEARCH_USER_PATHS = NO;
				CLANG_ANALYZER_NONNULL = YES;
				CLANG_ANALYZER_NUMBER_OBJECT_CONVERSION = YES_AGGRESSIVE;
				CLANG_CXX_LANGUAGE_STANDARD = "gnu++17";
				CLANG_CXX_LIBRARY = "libc++";
				CLANG_ENABLE_MODULES = YES;
				CLANG_ENABLE_OBJC_ARC = YES;
				CLANG_ENABLE_OBJC_WEAK = YES;
				CLANG_WARN_BLOCK_CAPTURE_AUTORELEASING = YES;
				CLANG_WARN_BOOL_CONVERSION = YES;
				CLANG_WARN_COMMA = YES;
				CLANG_WARN_CONSTANT_CONVERSION = YES;
				CLANG_WARN_DEPRECATED_OBJC_IMPLEMENTATIONS = YES;
				CLANG_WARN_DIRECT_OBJC_ISA_USAGE = YES_ERROR;
				CLANG_WARN_DOCUMENTATION_COMMENTS = YES;
				CLANG_WARN_EMPTY_BODY = YES;
				CLANG_WARN_ENUM_CONVERSION = YES;
				CLANG_WARN_INFINITE_RECURSION = YES;
				CLANG_WARN_INT_CONVERSION = YES;
				CLANG_WARN_NON_LITERAL_NULL_CONVERSION = YES;
				CLANG_WARN_OBJC_IMPLICIT_RETAIN_SELF = YES;
				CLANG_WARN_OBJC_LITERAL_CONVERSION = YES;
				CLANG_WARN_OBJC_ROOT_CLASS = YES_ERROR;
				CLANG_WARN_QUOTED_INCLUDE_IN_FRAMEWORK_HEADER = YES;
				CLANG_WARN_RANGE_LOOP_ANALYSIS = YES;
				CLANG_WARN_STRICT_PROTOTYPES = YES;
				CLANG_WARN_SUSPICIOUS_MOVE = YES;
				CLANG_WARN_UNGUARDED_AVAILABILITY = YES_AGGRESSIVE;
				CLANG_WARN_UNREACHABLE_CODE = YES;
				CLANG_WARN__DUPLICATE_METHOD_MATCH = YES;
				COPY_PHASE_STRIP = NO;
				DEBUG_INFORMATION_FORMAT = "dwarf-with-dsym";
				ENABLE_NS_ASSERTIONS = NO;
				ENABLE_STRICT_OBJC_MSGSEND = YES;
				GCC_C_LANGUAGE_STANDARD = gnu11;
				GCC_NO_COMMON_BLOCKS = YES;
				GCC_WARN_64_TO_32_BIT_CONVERSION = YES;
				GCC_WARN_ABOUT_RETURN_TYPE = YES_ERROR;
				GCC_WARN_UNDECLARED_SELECTOR = YES;
				GCC_WARN_UNINITIALIZED_AUTOS = YES_AGGRESSIVE;
				GCC_WARN_UNUSED_FUNCTION = YES;
				GCC_WARN_UNUSED_VARIABLE = YES;
				IPHONEOS_DEPLOYMENT_TARGET = 12.2;
				MTL_ENABLE_DEBUG_INFO = NO;
				MTL_FAST_MATH = YES;
				SDKROOT = iphoneos;
				SWIFT_COMPILATION_MODE = wholemodule;
				SWIFT_OPTIMIZATION_LEVEL = "-O";
				VALIDATE_PRODUCT = YES;
			};
			name = Release;
		};
		61C6DE5D27CEB88500B06BC3 /* Debug */ = {
			isa = XCBuildConfiguration;
			baseConfigurationReference = 9DA943506B2455DE7C07C0B1 /* Pods-Test_iOS.debug.xcconfig */;
			buildSettings = {
				ASSETCATALOG_COMPILER_APPICON_NAME = AppIcon;
				ASSETCATALOG_COMPILER_GLOBAL_ACCENT_COLOR_NAME = AccentColor;
				CODE_SIGN_STYLE = Automatic;
				CURRENT_PROJECT_VERSION = 1;
				DEVELOPMENT_TEAM = L8DVDS9PD5;
				GENERATE_INFOPLIST_FILE = YES;
				INFOPLIST_FILE = Test_iOS/Info.plist;
				INFOPLIST_KEY_UILaunchStoryboardName = LaunchScreen;
				INFOPLIST_KEY_UIRequiredDeviceCapabilities = armv7;
				INFOPLIST_KEY_UISupportedInterfaceOrientations = "UIInterfaceOrientationPortrait UIInterfaceOrientationLandscapeLeft UIInterfaceOrientationLandscapeRight";
				INFOPLIST_KEY_UISupportedInterfaceOrientations_iPad = "UIInterfaceOrientationPortrait UIInterfaceOrientationPortraitUpsideDown UIInterfaceOrientationLandscapeLeft UIInterfaceOrientationLandscapeRight";
				LD_RUNPATH_SEARCH_PATHS = (
					"$(inherited)",
					"@executable_path/Frameworks",
				);
				MARKETING_VERSION = 1.0;
				PRODUCT_BUNDLE_IDENTIFIER = "com.rd.Test-iOS";
				PRODUCT_NAME = "$(TARGET_NAME)";
				SWIFT_EMIT_LOC_STRINGS = YES;
				SWIFT_VERSION = 5.0;
				TARGETED_DEVICE_FAMILY = "1,2";
			};
			name = Debug;
		};
		61C6DE5E27CEB88500B06BC3 /* Release */ = {
			isa = XCBuildConfiguration;
			baseConfigurationReference = 03BB56EF90A1CC1F51080293 /* Pods-Test_iOS.release.xcconfig */;
			buildSettings = {
				ASSETCATALOG_COMPILER_APPICON_NAME = AppIcon;
				ASSETCATALOG_COMPILER_GLOBAL_ACCENT_COLOR_NAME = AccentColor;
				CODE_SIGN_STYLE = Automatic;
				CURRENT_PROJECT_VERSION = 1;
				DEVELOPMENT_TEAM = L8DVDS9PD5;
				GENERATE_INFOPLIST_FILE = YES;
				INFOPLIST_FILE = Test_iOS/Info.plist;
				INFOPLIST_KEY_UILaunchStoryboardName = LaunchScreen;
				INFOPLIST_KEY_UIRequiredDeviceCapabilities = armv7;
				INFOPLIST_KEY_UISupportedInterfaceOrientations = "UIInterfaceOrientationPortrait UIInterfaceOrientationLandscapeLeft UIInterfaceOrientationLandscapeRight";
				INFOPLIST_KEY_UISupportedInterfaceOrientations_iPad = "UIInterfaceOrientationPortrait UIInterfaceOrientationPortraitUpsideDown UIInterfaceOrientationLandscapeLeft UIInterfaceOrientationLandscapeRight";
				LD_RUNPATH_SEARCH_PATHS = (
					"$(inherited)",
					"@executable_path/Frameworks",
				);
				MARKETING_VERSION = 1.0;
				PRODUCT_BUNDLE_IDENTIFIER = "com.rd.Test-iOS";
				PRODUCT_NAME = "$(TARGET_NAME)";
				SWIFT_EMIT_LOC_STRINGS = YES;
				SWIFT_VERSION = 5.0;
				TARGETED_DEVICE_FAMILY = "1,2";
			};
			name = Release;
		};
/* End XCBuildConfiguration section */

/* Begin XCConfigurationList section */
		61C6DE4327CEB88400B06BC3 /* Build configuration list for PBXProject "Test_iOS" */ = {
			isa = XCConfigurationList;
			buildConfigurations = (
				61C6DE5A27CEB88500B06BC3 /* Debug */,
				61C6DE5B27CEB88500B06BC3 /* Release */,
			);
			defaultConfigurationIsVisible = 0;
			defaultConfigurationName = Release;
		};
		61C6DE5C27CEB88500B06BC3 /* Build configuration list for PBXNativeTarget "Test_iOS" */ = {
			isa = XCConfigurationList;
			buildConfigurations = (
				61C6DE5D27CEB88500B06BC3 /* Debug */,
				61C6DE5E27CEB88500B06BC3 /* Release */,
			);
			defaultConfigurationIsVisible = 0;
			defaultConfigurationName = Release;
		};
/* End XCConfigurationList section */
	};
	rootObject = 61C6DE4027CEB88400B06BC3 /* Project object */;
}
